// !$*UTF8*$!
{
	archiveVersion = 1;
	classes = {
	};
	objectVersion = 55;
	objects = {

/* Begin PBXBuildFile section */
		EF548CCE277A087F00E553CA /* AppDelegate.swift in Sources */ = {isa = PBXBuildFile; fileRef = EF548CCD277A087F00E553CA /* AppDelegate.swift */; };
		EF548CD0277A087F00E553CA /* SceneDelegate.swift in Sources */ = {isa = PBXBuildFile; fileRef = EF548CCF277A087F00E553CA /* SceneDelegate.swift */; };
		EF548CD2277A087F00E553CA /* ViewController.swift in Sources */ = {isa = PBXBuildFile; fileRef = EF548CD1277A087F00E553CA /* ViewController.swift */; };
		EF548CD7277A088100E553CA /* Assets.xcassets in Resources */ = {isa = PBXBuildFile; fileRef = EF548CD6277A088100E553CA /* Assets.xcassets */; };
		EF548CDA277A088100E553CA /* LaunchScreen.storyboard in Resources */ = {isa = PBXBuildFile; fileRef = EF548CD8277A088100E553CA /* LaunchScreen.storyboard */; };
		EF548CE2277A08D700E553CA /* RootViewController.swift in Sources */ = {isa = PBXBuildFile; fileRef = EF548CE1277A08D700E553CA /* RootViewController.swift */; };
		EF548CE7277A096F00E553CA /* ImageViewCell.swift in Sources */ = {isa = PBXBuildFile; fileRef = EF548CE6277A096F00E553CA /* ImageViewCell.swift */; };
		EF548CE9277A11FB00E553CA /* DocumentsViewController.swift in Sources */ = {isa = PBXBuildFile; fileRef = EF548CE8277A11FB00E553CA /* DocumentsViewController.swift */; };
/* End PBXBuildFile section */

/* Begin PBXFileReference section */
		EF548CCA277A087F00E553CA /* DataContentApp.app */ = {isa = PBXFileReference; explicitFileType = wrapper.application; includeInIndex = 0; path = DataContentApp.app; sourceTree = BUILT_PRODUCTS_DIR; };
		EF548CCD277A087F00E553CA /* AppDelegate.swift */ = {isa = PBXFileReference; lastKnownFileType = sourcecode.swift; path = AppDelegate.swift; sourceTree = "<group>"; };
		EF548CCF277A087F00E553CA /* SceneDelegate.swift */ = {isa = PBXFileReference; lastKnownFileType = sourcecode.swift; path = SceneDelegate.swift; sourceTree = "<group>"; };
		EF548CD1277A087F00E553CA /* ViewController.swift */ = {isa = PBXFileReference; lastKnownFileType = sourcecode.swift; path = ViewController.swift; sourceTree = "<group>"; };
		EF548CD6277A088100E553CA /* Assets.xcassets */ = {isa = PBXFileReference; lastKnownFileType = folder.assetcatalog; path = Assets.xcassets; sourceTree = "<group>"; };
		EF548CD9277A088100E553CA /* Base */ = {isa = PBXFileReference; lastKnownFileType = file.storyboard; name = Base; path = Base.lproj/LaunchScreen.storyboard; sourceTree = "<group>"; };
		EF548CDB277A088100E553CA /* Info.plist */ = {isa = PBXFileReference; lastKnownFileType = text.plist.xml; path = Info.plist; sourceTree = "<group>"; };
		EF548CE1277A08D700E553CA /* RootViewController.swift */ = {isa = PBXFileReference; lastKnownFileType = sourcecode.swift; path = RootViewController.swift; sourceTree = "<group>"; };
		EF548CE6277A096F00E553CA /* ImageViewCell.swift */ = {isa = PBXFileReference; lastKnownFileType = sourcecode.swift; path = ImageViewCell.swift; sourceTree = "<group>"; };
		EF548CE8277A11FB00E553CA /* DocumentsViewController.swift */ = {isa = PBXFileReference; lastKnownFileType = sourcecode.swift; path = DocumentsViewController.swift; sourceTree = "<group>"; };
/* End PBXFileReference section */

/* Begin PBXFrameworksBuildPhase section */
		EF548CC7277A087F00E553CA /* Frameworks */ = {
			isa = PBXFrameworksBuildPhase;
			buildActionMask = 2147483647;
			files = (
			);
			runOnlyForDeploymentPostprocessing = 0;
		};
/* End PBXFrameworksBuildPhase section */

/* Begin PBXGroup section */
		EF548CC1277A087F00E553CA = {
			isa = PBXGroup;
			children = (
				EF548CCC277A087F00E553CA /* DataContentApp */,
				EF548CCB277A087F00E553CA /* Products */,
			);
			sourceTree = "<group>";
		};
		EF548CCB277A087F00E553CA /* Products */ = {
			isa = PBXGroup;
			children = (
				EF548CCA277A087F00E553CA /* DataContentApp.app */,
			);
			name = Products;
			sourceTree = "<group>";
		};
		EF548CCC277A087F00E553CA /* DataContentApp */ = {
			isa = PBXGroup;
			children = (
				EF548CE3277A094900E553CA /* Modules */,
				EF548CCD277A087F00E553CA /* AppDelegate.swift */,
				EF548CCF277A087F00E553CA /* SceneDelegate.swift */,
				EF548CD6277A088100E553CA /* Assets.xcassets */,
				EF548CD8277A088100E553CA /* LaunchScreen.storyboard */,
				EF548CDB277A088100E553CA /* Info.plist */,
			);
			path = DataContentApp;
			sourceTree = "<group>";
		};
		EF548CE3277A094900E553CA /* Modules */ = {
			isa = PBXGroup;
			children = (
				EF548CE4277A095E00E553CA /* Root */,
				EF548CE1277A08D700E553CA /* RootViewController.swift */,
				EF548CD1277A087F00E553CA /* ViewController.swift */,
			);
			path = Modules;
			sourceTree = "<group>";
		};
		EF548CE4277A095E00E553CA /* Root */ = {
			isa = PBXGroup;
			children = (
				EF548CE5277A096300E553CA /* Cells */,
				EF548CE8277A11FB00E553CA /* DocumentsViewController.swift */,
			);
			path = Root;
			sourceTree = "<group>";
		};
		EF548CE5277A096300E553CA /* Cells */ = {
			isa = PBXGroup;
			children = (
				EF548CE6277A096F00E553CA /* ImageViewCell.swift */,
			);
			path = Cells;
			sourceTree = "<group>";
		};
/* End PBXGroup section */

/* Begin PBXNativeTarget section */
		EF548CC9277A087F00E553CA /* DataContentApp */ = {
			isa = PBXNativeTarget;
			buildConfigurationList = EF548CDE277A088100E553CA /* Build configuration list for PBXNativeTarget "DataContentApp" */;
			buildPhases = (
				EF548CC6277A087F00E553CA /* Sources */,
				EF548CC7277A087F00E553CA /* Frameworks */,
				EF548CC8277A087F00E553CA /* Resources */,
			);
			buildRules = (
			);
			dependencies = (
			);
			name = DataContentApp;
			productName = DataContentApp;
			productReference = EF548CCA277A087F00E553CA /* DataContentApp.app */;
			productType = "com.apple.product-type.application";
		};
/* End PBXNativeTarget section */

/* Begin PBXProject section */
		EF548CC2277A087F00E553CA /* Project object */ = {
			isa = PBXProject;
			attributes = {
				BuildIndependentTargetsInParallel = 1;
				LastSwiftUpdateCheck = 1310;
				LastUpgradeCheck = 1310;
				TargetAttributes = {
					EF548CC9277A087F00E553CA = {
						CreatedOnToolsVersion = 13.1;
					};
				};
			};
			buildConfigurationList = EF548CC5277A087F00E553CA /* Build configuration list for PBXProject "DataContentApp" */;
			compatibilityVersion = "Xcode 13.0";
			developmentRegion = en;
			hasScannedForEncodings = 0;
			knownRegions = (
				en,
				Base,
			);
			mainGroup = EF548CC1277A087F00E553CA;
			productRefGroup = EF548CCB277A087F00E553CA /* Products */;
			projectDirPath = "";
			projectRoot = "";
			targets = (
				EF548CC9277A087F00E553CA /* DataContentApp */,
			);
		};
/* End PBXProject section */

/* Begin PBXResourcesBuildPhase section */
		EF548CC8277A087F00E553CA /* Resources */ = {
			isa = PBXResourcesBuildPhase;
			buildActionMask = 2147483647;
			files = (
				EF548CDA277A088100E553CA /* LaunchScreen.storyboard in Resources */,
				EF548CD7277A088100E553CA /* Assets.xcassets in Resources */,
			);
			runOnlyForDeploymentPostprocessing = 0;
		};
/* End PBXResourcesBuildPhase section */

/* Begin PBXSourcesBuildPhase section */
		EF548CC6277A087F00E553CA /* Sources */ = {
			isa = PBXSourcesBuildPhase;
			buildActionMask = 2147483647;
			files = (
				EF548CD2277A087F00E553CA /* ViewController.swift in Sources */,
				EF548CCE277A087F00E553CA /* AppDelegate.swift in Sources */,
				EF548CE2277A08D700E553CA /* RootViewController.swift in Sources */,
				EF548CE9277A11FB00E553CA /* DocumentsViewController.swift in Sources */,
				EF548CE7277A096F00E553CA /* ImageViewCell.swift in Sources */,
				EF548CD0277A087F00E553CA /* SceneDelegate.swift in Sources */,
			);
			runOnlyForDeploymentPostprocessing = 0;
		};
/* End PBXSourcesBuildPhase section */

/* Begin PBXVariantGroup section */
		EF548CD8277A088100E553CA /* LaunchScreen.storyboard */ = {
			isa = PBXVariantGroup;
			children = (
				EF548CD9277A088100E553CA /* Base */,
			);
			name = LaunchScreen.storyboard;
			sourceTree = "<group>";
		};
/* End PBXVariantGroup section */

/* Begin XCBuildConfiguration section */
		EF548CDC277A088100E553CA /* Debug */ = {
			isa = XCBuildConfiguration;
			buildSettings = {
				ALWAYS_SEARCH_USER_PATHS = NO;
				CLANG_ANALYZER_NONNULL = YES;
				CLANG_ANALYZER_NUMBER_OBJECT_CONVERSION = YES_AGGRESSIVE;
				CLANG_CXX_LANGUAGE_STANDARD = "gnu++17";
				CLANG_CXX_LIBRARY = "libc++";
				CLANG_ENABLE_MODULES = YES;
				CLANG_ENABLE_OBJC_ARC = YES;
				CLANG_ENABLE_OBJC_WEAK = YES;
				CLANG_WARN_BLOCK_CAPTURE_AUTORELEASING = YES;
				CLANG_WARN_BOOL_CONVERSION = YES;
				CLANG_WARN_COMMA = YES;
				CLANG_WARN_CONSTANT_CONVERSION = YES;
				CLANG_WARN_DEPRECATED_OBJC_IMPLEMENTATIONS = YES;
				CLANG_WARN_DIRECT_OBJC_ISA_USAGE = YES_ERROR;
				CLANG_WARN_DOCUMENTATION_COMMENTS = YES;
				CLANG_WARN_EMPTY_BODY = YES;
				CLANG_WARN_ENUM_CONVERSION = YES;
				CLANG_WARN_INFINITE_RECURSION = YES;
				CLANG_WARN_INT_CONVERSION = YES;
				CLANG_WARN_NON_LITERAL_NULL_CONVERSION = YES;
				CLANG_WARN_OBJC_IMPLICIT_RETAIN_SELF = YES;
				CLANG_WARN_OBJC_LITERAL_CONVERSION = YES;
				CLANG_WARN_OBJC_ROOT_CLASS = YES_ERROR;
				CLANG_WARN_QUOTED_INCLUDE_IN_FRAMEWORK_HEADER = YES;
				CLANG_WARN_RANGE_LOOP_ANALYSIS = YES;
				CLANG_WARN_STRICT_PROTOTYPES = YES;
				CLANG_WARN_SUSPICIOUS_MOVE = YES;
				CLANG_WARN_UNGUARDED_AVAILABILITY = YES_AGGRESSIVE;
				CLANG_WARN_UNREACHABLE_CODE = YES;
				CLANG_WARN__DUPLICATE_METHOD_MATCH = YES;
				COPY_PHASE_STRIP = NO;
				DEBUG_INFORMATION_FORMAT = dwarf;
				ENABLE_STRICT_OBJC_MSGSEND = YES;
				ENABLE_TESTABILITY = YES;
				GCC_C_LANGUAGE_STANDARD = gnu11;
				GCC_DYNAMIC_NO_PIC = NO;
				GCC_NO_COMMON_BLOCKS = YES;
				GCC_OPTIMIZATION_LEVEL = 0;
				GCC_PREPROCESSOR_DEFINITIONS = (
					"DEBUG=1",
					"$(inherited)",
				);
				GCC_WARN_64_TO_32_BIT_CONVERSION = YES;
				GCC_WARN_ABOUT_RETURN_TYPE = YES_ERROR;
				GCC_WARN_UNDECLARED_SELECTOR = YES;
				GCC_WARN_UNINITIALIZED_AUTOS = YES_AGGRESSIVE;
				GCC_WARN_UNUSED_FUNCTION = YES;
				GCC_WARN_UNUSED_VARIABLE = YES;
				IPHONEOS_DEPLOYMENT_TARGET = 15.0;
				MTL_ENABLE_DEBUG_INFO = INCLUDE_SOURCE;
				MTL_FAST_MATH = YES;
				ONLY_ACTIVE_ARCH = YES;
				SDKROOT = iphoneos;
				SWIFT_ACTIVE_COMPILATION_CONDITIONS = DEBUG;
				SWIFT_OPTIMIZATION_LEVEL = "-Onone";
			};
			name = Debug;
		};
		EF548CDD277A088100E553CA /* Release */ = {
			isa = XCBuildConfiguration;
			buildSettings = {
				ALWAYS_SEARCH_USER_PATHS = NO;
				CLANG_ANALYZER_NONNULL = YES;
				CLANG_ANALYZER_NUMBER_OBJECT_CONVERSION = YES_AGGRESSIVE;
				CLANG_CXX_LANGUAGE_STANDARD = "gnu++17";
				CLANG_CXX_LIBRARY = "libc++";
				CLANG_ENABLE_MODULES = YES;
				CLANG_ENABLE_OBJC_ARC = YES;
				CLANG_ENABLE_OBJC_WEAK = YES;
				CLANG_WARN_BLOCK_CAPTURE_AUTORELEASING = YES;
				CLANG_WARN_BOOL_CONVERSION = YES;
				CLANG_WARN_COMMA = YES;
				CLANG_WARN_CONSTANT_CONVERSION = YES;
				CLANG_WARN_DEPRECATED_OBJC_IMPLEMENTATIONS = YES;
				CLANG_WARN_DIRECT_OBJC_ISA_USAGE = YES_ERROR;
				CLANG_WARN_DOCUMENTATION_COMMENTS = YES;
				CLANG_WARN_EMPTY_BODY = YES;
				CLANG_WARN_ENUM_CONVERSION = YES;
				CLANG_WARN_INFINITE_RECURSION = YES;
				CLANG_WARN_INT_CONVERSION = YES;
				CLANG_WARN_NON_LITERAL_NULL_CONVERSION = YES;
				CLANG_WARN_OBJC_IMPLICIT_RETAIN_SELF = YES;
				CLANG_WARN_OBJC_LITERAL_CONVERSION = YES;
				CLANG_WARN_OBJC_ROOT_CLASS = YES_ERROR;
				CLANG_WARN_QUOTED_INCLUDE_IN_FRAMEWORK_HEADER = YES;
				CLANG_WARN_RANGE_LOOP_ANALYSIS = YES;
				CLANG_WARN_STRICT_PROTOTYPES = YES;
				CLANG_WARN_SUSPICIOUS_MOVE = YES;
				CLANG_WARN_UNGUARDED_AVAILABILITY = YES_AGGRESSIVE;
				CLANG_WARN_UNREACHABLE_CODE = YES;
				CLANG_WARN__DUPLICATE_METHOD_MATCH = YES;
				COPY_PHASE_STRIP = NO;
				DEBUG_INFORMATION_FORMAT = "dwarf-with-dsym";
				ENABLE_NS_ASSERTIONS = NO;
				ENABLE_STRICT_OBJC_MSGSEND = YES;
				GCC_C_LANGUAGE_STANDARD = gnu11;
				GCC_NO_COMMON_BLOCKS = YES;
				GCC_WARN_64_TO_32_BIT_CONVERSION = YES;
				GCC_WARN_ABOUT_RETURN_TYPE = YES_ERROR;
				GCC_WARN_UNDECLARED_SELECTOR = YES;
				GCC_WARN_UNINITIALIZED_AUTOS = YES_AGGRESSIVE;
				GCC_WARN_UNUSED_FUNCTION = YES;
				GCC_WARN_UNUSED_VARIABLE = YES;
				IPHONEOS_DEPLOYMENT_TARGET = 15.0;
				MTL_ENABLE_DEBUG_INFO = NO;
				MTL_FAST_MATH = YES;
				SDKROOT = iphoneos;
				SWIFT_COMPILATION_MODE = wholemodule;
				SWIFT_OPTIMIZATION_LEVEL = "-O";
				VALIDATE_PRODUCT = YES;
			};
			name = Release;
		};
		EF548CDF277A088100E553CA /* Debug */ = {
			isa = XCBuildConfiguration;
			buildSettings = {
				ASSETCATALOG_COMPILER_APPICON_NAME = AppIcon;
				ASSETCATALOG_COMPILER_GLOBAL_ACCENT_COLOR_NAME = AccentColor;
				CODE_SIGN_STYLE = Automatic;
				CURRENT_PROJECT_VERSION = 1;
				DEVELOPMENT_TEAM = 6XNMN66Z79;
				GENERATE_INFOPLIST_FILE = YES;
				INFOPLIST_FILE = DataContentApp/Info.plist;
				INFOPLIST_KEY_UIApplicationSupportsIndirectInputEvents = YES;
				INFOPLIST_KEY_UILaunchStoryboardName = LaunchScreen;
				INFOPLIST_KEY_UISupportedInterfaceOrientations_iPad = "UIInterfaceOrientationPortrait UIInterfaceOrientationPortraitUpsideDown UIInterfaceOrientationLandscapeLeft UIInterfaceOrientationLandscapeRight";
				INFOPLIST_KEY_UISupportedInterfaceOrientations_iPhone = "UIInterfaceOrientationPortrait UIInterfaceOrientationLandscapeLeft UIInterfaceOrientationLandscapeRight";
				LD_RUNPATH_SEARCH_PATHS = (
					"$(inherited)",
					"@executable_path/Frameworks",
				);
				MARKETING_VERSION = 1.0;
				PRODUCT_BUNDLE_IDENTIFIER = com.ba1ashov.DataContentApp;
				PRODUCT_NAME = "$(TARGET_NAME)";
				SWIFT_EMIT_LOC_STRINGS = YES;
				SWIFT_VERSION = 5.0;
				TARGETED_DEVICE_FAMILY = "1,2";
			};
			name = Debug;
		};
		EF548CE0277A088100E553CA /* Release */ = {
			isa = XCBuildConfiguration;
			buildSettings = {
				ASSETCATALOG_COMPILER_APPICON_NAME = AppIcon;
				ASSETCATALOG_COMPILER_GLOBAL_ACCENT_COLOR_NAME = AccentColor;
				CODE_SIGN_STYLE = Automatic;
				CURRENT_PROJECT_VERSION = 1;
				DEVELOPMENT_TEAM = 6XNMN66Z79;
				GENERATE_INFOPLIST_FILE = YES;
				INFOPLIST_FILE = DataContentApp/Info.plist;
				INFOPLIST_KEY_UIApplicationSupportsIndirectInputEvents = YES;
				INFOPLIST_KEY_UILaunchStoryboardName = LaunchScreen;
				INFOPLIST_KEY_UISupportedInterfaceOrientations_iPad = "UIInterfaceOrientationPortrait UIInterfaceOrientationPortraitUpsideDown UIInterfaceOrientationLandscapeLeft UIInterfaceOrientationLandscapeRight";
				INFOPLIST_KEY_UISupportedInterfaceOrientations_iPhone = "UIInterfaceOrientationPortrait UIInterfaceOrientationLandscapeLeft UIInterfaceOrientationLandscapeRight";
				LD_RUNPATH_SEARCH_PATHS = (
					"$(inherited)",
					"@executable_path/Frameworks",
				);
				MARKETING_VERSION = 1.0;
				PRODUCT_BUNDLE_IDENTIFIER = com.ba1ashov.DataContentApp;
				PRODUCT_NAME = "$(TARGET_NAME)";
				SWIFT_EMIT_LOC_STRINGS = YES;
				SWIFT_VERSION = 5.0;
				TARGETED_DEVICE_FAMILY = "1,2";
			};
			name = Release;
		};
/* End XCBuildConfiguration section */

/* Begin XCConfigurationList section */
		EF548CC5277A087F00E553CA /* Build configuration list for PBXProject "DataContentApp" */ = {
			isa = XCConfigurationList;
			buildConfigurations = (
				EF548CDC277A088100E553CA /* Debug */,
				EF548CDD277A088100E553CA /* Release */,
			);
			defaultConfigurationIsVisible = 0;
			defaultConfigurationName = Release;
		};
		EF548CDE277A088100E553CA /* Build configuration list for PBXNativeTarget "DataContentApp" */ = {
			isa = XCConfigurationList;
			buildConfigurations = (
				EF548CDF277A088100E553CA /* Debug */,
				EF548CE0277A088100E553CA /* Release */,
			);
			defaultConfigurationIsVisible = 0;
			defaultConfigurationName = Release;
		};
/* End XCConfigurationList section */
	};
	rootObject = EF548CC2277A087F00E553CA /* Project object */;
}
